
Microsoft Visual Studio Solution File, Format Version 12.00
# Visual Studio Version 16
VisualStudioVersion = 16.0.29806.167
MinimumVisualStudioVersion = 10.0.40219.1
Project("{FAE04EC0-301F-11D3-BF4B-00C04F79EFBC}") = "events", "events\events.csproj", "{27410C2B-89B2-426B-ACBD-0B5098F19342}"
EndProject
Global
	GlobalSection(SolutionConfigurationPlatforms) = preSolution
		Debug|Any CPU = Debug|Any CPU
		Release|Any CPU = Release|Any CPU
	EndGlobalSection
	GlobalSection(ProjectConfigurationPlatforms) = postSolution
		{27410C2B-89B2-426B-ACBD-0B5098F19342}.Debug|Any CPU.ActiveCfg = Debug|Any CPU
		{27410C2B-89B2-426B-ACBD-0B5098F19342}.Debug|Any CPU.Build.0 = Debug|Any CPU
		{27410C2B-89B2-426B-ACBD-0B5098F19342}.Release|Any CPU.ActiveCfg = Release|Any CPU
		{27410C2B-89B2-426B-ACBD-0B5098F19342}.Release|Any CPU.Build.0 = Release|Any CPU
	EndGlobalSection
	GlobalSection(SolutionProperties) = preSolution
		HideSolutionNode = FALSE
	EndGlobalSection
	GlobalSection(ExtensibilityGlobals) = postSolution
		SolutionGuid = {7B7BBCC5-E8AE-4E89-B846-F1D1EED996F4}
	EndGlobalSection
EndGlobal
